
Microsoft Visual Studio Solution File, Format Version 12.00
# Visual Studio Version 16
VisualStudioVersion = 16.0.32901.82
MinimumVisualStudioVersion = 10.0.40219.1
Project("{FAE04EC0-301F-11D3-BF4B-00C04F79EFBC}") = "FARC", "FARC\FARC.csproj", "{BA8C9119-F51A-4DD1-B95F-48BC288426D7}"
EndProject
Global
	GlobalSection(SolutionConfigurationPlatforms) = preSolution
		Debug|Any CPU = Debug|Any CPU
		Release|Any CPU = Release|Any CPU
	EndGlobalSection
	GlobalSection(ProjectConfigurationPlatforms) = postSolution
		{BA8C9119-F51A-4DD1-B95F-48BC288426D7}.Debug|Any CPU.ActiveCfg = Debug|Any CPU
		{BA8C9119-F51A-4DD1-B95F-48BC288426D7}.Debug|Any CPU.Build.0 = Debug|Any CPU
		{BA8C9119-F51A-4DD1-B95F-48BC288426D7}.Release|Any CPU.ActiveCfg = Release|Any CPU
		{BA8C9119-F51A-4DD1-B95F-48BC288426D7}.Release|Any CPU.Build.0 = Release|Any CPU
	EndGlobalSection
	GlobalSection(SolutionProperties) = preSolution
		HideSolutionNode = FALSE
	EndGlobalSection
	GlobalSection(ExtensibilityGlobals) = postSolution
		SolutionGuid = {C013613F-D478-4E17-ABCF-D3187E59F67A}
	EndGlobalSection
EndGlobal
